
Microsoft Visual Studio Solution File, Format Version 12.00
# Visual Studio Version 17
VisualStudioVersion = 17.6.33723.286
MinimumVisualStudioVersion = 10.0.40219.1
Project("{FAE04EC0-301F-11D3-BF4B-00C04F79EFBC}") = "LabbCC", "LabbCC\LabbCC.csproj", "{00989EB3-7DFB-425A-9953-3AF4FF2C45A4}"
EndProject
Global
	GlobalSection(SolutionConfigurationPlatforms) = preSolution
		Debug|Any CPU = Debug|Any CPU
		Release|Any CPU = Release|Any CPU
	EndGlobalSection
	GlobalSection(ProjectConfigurationPlatforms) = postSolution
		{00989EB3-7DFB-425A-9953-3AF4FF2C45A4}.Debug|Any CPU.ActiveCfg = Debug|Any CPU
		{00989EB3-7DFB-425A-9953-3AF4FF2C45A4}.Debug|Any CPU.Build.0 = Debug|Any CPU
		{00989EB3-7DFB-425A-9953-3AF4FF2C45A4}.Release|Any CPU.ActiveCfg = Release|Any CPU
		{00989EB3-7DFB-425A-9953-3AF4FF2C45A4}.Release|Any CPU.Build.0 = Release|Any CPU
	EndGlobalSection
	GlobalSection(SolutionProperties) = preSolution
		HideSolutionNode = FALSE
	EndGlobalSection
	GlobalSection(ExtensibilityGlobals) = postSolution
		SolutionGuid = {4C10D148-8E93-48DD-801A-3F79AE9BB45E}
	EndGlobalSection
EndGlobal
